
Microsoft Visual Studio Solution File, Format Version 12.00
# Visual Studio Version 17
VisualStudioVersion = 17.8.34330.188
MinimumVisualStudioVersion = 10.0.40219.1
Project("{FAE04EC0-301F-11D3-BF4B-00C04F79EFBC}") = "PartOneDemo", "PartOneDemo\PartOneDemo.csproj", "{62B14BB6-5037-4DAB-86FC-16B065466206}"
EndProject
Global
	GlobalSection(SolutionConfigurationPlatforms) = preSolution
		Debug|Any CPU = Debug|Any CPU
		Release|Any CPU = Release|Any CPU
	EndGlobalSection
	GlobalSection(ProjectConfigurationPlatforms) = postSolution
		{62B14BB6-5037-4DAB-86FC-16B065466206}.Debug|Any CPU.ActiveCfg = Debug|Any CPU
		{62B14BB6-5037-4DAB-86FC-16B065466206}.Debug|Any CPU.Build.0 = Debug|Any CPU
		{62B14BB6-5037-4DAB-86FC-16B065466206}.Release|Any CPU.ActiveCfg = Release|Any CPU
		{62B14BB6-5037-4DAB-86FC-16B065466206}.Release|Any CPU.Build.0 = Release|Any CPU
	EndGlobalSection
	GlobalSection(SolutionProperties) = preSolution
		HideSolutionNode = FALSE
	EndGlobalSection
	GlobalSection(ExtensibilityGlobals) = postSolution
		SolutionGuid = {2C218FD0-9E82-4B9D-8878-1FFACA5B3B32}
	EndGlobalSection
EndGlobal
